
Microsoft Visual Studio Solution File, Format Version 12.00
# Visual Studio Version 16
VisualStudioVersion = 16.0.31729.503
MinimumVisualStudioVersion = 10.0.40219.1
Project("{9A19103F-16F7-4668-BE54-9A1E7A4F7556}") = "APIForAutomation.Api", "APIForAutomation\APIForAutomation.Api.csproj", "{35B848F4-1464-4F70-9233-CEE4277255FE}"
EndProject
Global
	GlobalSection(SolutionConfigurationPlatforms) = preSolution
		Debug|Any CPU = Debug|Any CPU
		Release|Any CPU = Release|Any CPU
	EndGlobalSection
	GlobalSection(ProjectConfigurationPlatforms) = postSolution
		{35B848F4-1464-4F70-9233-CEE4277255FE}.Debug|Any CPU.ActiveCfg = Debug|Any CPU
		{35B848F4-1464-4F70-9233-CEE4277255FE}.Debug|Any CPU.Build.0 = Debug|Any CPU
		{35B848F4-1464-4F70-9233-CEE4277255FE}.Release|Any CPU.ActiveCfg = Release|Any CPU
		{35B848F4-1464-4F70-9233-CEE4277255FE}.Release|Any CPU.Build.0 = Release|Any CPU
	EndGlobalSection
	GlobalSection(SolutionProperties) = preSolution
		HideSolutionNode = FALSE
	EndGlobalSection
	GlobalSection(ExtensibilityGlobals) = postSolution
		SolutionGuid = {6B74A846-52A2-47F0-B477-097421C764A8}
	EndGlobalSection
EndGlobal
